
Microsoft Visual Studio Solution File, Format Version 12.00
# Visual Studio Version 17
VisualStudioVersion = 17.7.34202.233
MinimumVisualStudioVersion = 10.0.40219.1
Project("{FAE04EC0-301F-11D3-BF4B-00C04F79EFBC}") = "EstruturaSequencial1", "EstruturaSequencial1\EstruturaSequencial1.csproj", "{891F6E16-58D5-4DC5-8CD8-BDA3BD68E4BC}"
EndProject
Global
	GlobalSection(SolutionConfigurationPlatforms) = preSolution
		Debug|Any CPU = Debug|Any CPU
		Release|Any CPU = Release|Any CPU
	EndGlobalSection
	GlobalSection(ProjectConfigurationPlatforms) = postSolution
		{891F6E16-58D5-4DC5-8CD8-BDA3BD68E4BC}.Debug|Any CPU.ActiveCfg = Debug|Any CPU
		{891F6E16-58D5-4DC5-8CD8-BDA3BD68E4BC}.Debug|Any CPU.Build.0 = Debug|Any CPU
		{891F6E16-58D5-4DC5-8CD8-BDA3BD68E4BC}.Release|Any CPU.ActiveCfg = Release|Any CPU
		{891F6E16-58D5-4DC5-8CD8-BDA3BD68E4BC}.Release|Any CPU.Build.0 = Release|Any CPU
	EndGlobalSection
	GlobalSection(SolutionProperties) = preSolution
		HideSolutionNode = FALSE
	EndGlobalSection
	GlobalSection(ExtensibilityGlobals) = postSolution
		SolutionGuid = {A3792153-33A0-4E40-97AF-2957119CB3E9}
	EndGlobalSection
EndGlobal
